
Microsoft Visual Studio Solution File, Format Version 12.00
# Visual Studio Version 17
VisualStudioVersion = 17.9.34607.119
MinimumVisualStudioVersion = 10.0.40219.1
Project("{2150E333-8FDC-42A3-9474-1A3956D46DE8}") = "Chapter01", "Chapter01", "{A6B45CB0-5920-4B80-9192-C3D1112B2A03}"
EndProject
Project("{FAE04EC0-301F-11D3-BF4B-00C04F79EFBC}") = "ProductSample", "Chapter01\ProductSample\ProductSample.csproj", "{87034EB2-27D5-4C89-8E6D-A38B3D599D54}"
EndProject
Project("{FAE04EC0-301F-11D3-BF4B-00C04F79EFBC}") = "Sample_p38", "Chapter01\Sample_p38\Sample_p38.csproj", "{2CE1F82B-928A-4469-8AC6-720781457CA1}"
EndProject
Project("{2150E333-8FDC-42A3-9474-1A3956D46DE8}") = "Chapter02", "Chapter02", "{550696D7-1957-43C5-BF09-B7403BB550D2}"
EndProject
Project("{2150E333-8FDC-42A3-9474-1A3956D46DE8}") = "距離換算プログラム", "距離換算プログラム", "{F0823827-37A1-4BE6-934E-9F8BEEF5B8E5}"
EndProject
Project("{FAE04EC0-301F-11D3-BF4B-00C04F79EFBC}") = "DistanceConverter", "Chapter02\DistanceConverter\DistanceConverter.csproj", "{FDC2A439-65AF-48BB-AC0D-E81B81E03F07}"
EndProject
Project("{2150E333-8FDC-42A3-9474-1A3956D46DE8}") = "売上集計プログラム", "売上集計プログラム", "{19833CC2-9E2F-4953-B85F-F58C3C20C958}"
EndProject
Project("{FAE04EC0-301F-11D3-BF4B-00C04F79EFBC}") = "SalesCounter", "Chapter02\SalesCounter\SalesCounter.csproj", "{0AC11D9E-2611-4F0B-81E1-FD36DB9B0615}"
EndProject
Project("{2150E333-8FDC-42A3-9474-1A3956D46DE8}") = "#演習問題", "#演習問題", "{700AB8E0-0A49-416E-8B86-06568754EC52}"
EndProject
Project("{FAE04EC0-301F-11D3-BF4B-00C04F79EFBC}") = "Exercise1", "Chapter02\演習問題\Exercise1\Exercise1.csproj", "{6DC2102F-3881-4DF4-8A6D-C3AF8EDD80C1}"
EndProject
Project("{FAE04EC0-301F-11D3-BF4B-00C04F79EFBC}") = "Exercise2", "Chapter02\演習問題\Exercise2\Exercise2.csproj", "{5DAFE50E-23DC-4F6B-A593-4FB6AF0311A5}"
EndProject
Project("{2150E333-8FDC-42A3-9474-1A3956D46DE8}") = "FormApps", "FormApps", "{4429AFDE-58BA-4A94-A5A2-A1E7D185F34D}"
EndProject
Project("{9A19103F-16F7-4668-BE54-9A1E7A4F7556}") = "BallApp", "FormApps\BallApp\BallApp.csproj", "{CFB87B46-4E46-4D28-876D-5B1D9375DF3D}"
EndProject
Project("{2150E333-8FDC-42A3-9474-1A3956D46DE8}") = "Chapter03", "Chapter03", "{E5030AFC-22F6-4897-84A1-09C55441D758}"
EndProject
Project("{FAE04EC0-301F-11D3-BF4B-00C04F79EFBC}") = "Section01", "Chapter03\Section01\Section01.csproj", "{959F1633-E9F7-475F-A3EC-F792C2787446}"
EndProject
Project("{2150E333-8FDC-42A3-9474-1A3956D46DE8}") = "演習問題", "演習問題", "{4817B220-7474-4B02-845F-EE9BDDF39E80}"
EndProject
Project("{FAE04EC0-301F-11D3-BF4B-00C04F79EFBC}") = "Exercise01", "Chapter03\演習問題\Exercise01\Exercise01.csproj", "{4B2FBD06-B5EF-44C0-861B-1E042E488423}"
EndProject
Project("{FAE04EC0-301F-11D3-BF4B-00C04F79EFBC}") = "Exercise02", "Chapter03\演習問題\Exercise02\Exercise02.csproj", "{AEE4236B-EFDC-4C03-BA59-295C10B37A53}"
EndProject
Project("{2150E333-8FDC-42A3-9474-1A3956D46DE8}") = "Chapter04", "Chapter04", "{713D983A-A001-42D4-96AA-C8424483558C}"
EndProject
Project("{FAE04EC0-301F-11D3-BF4B-00C04F79EFBC}") = "Section01", "Chapter04\Section01\Section01.csproj", "{F2FDCA2F-BFF7-46A2-92B3-E01460D636D5}"
EndProject
Project("{2150E333-8FDC-42A3-9474-1A3956D46DE8}") = "演習問題", "演習問題", "{9EF87A06-3832-466D-9CC0-EB1B5AB138E8}"
EndProject
Project("{FAE04EC0-301F-11D3-BF4B-00C04F79EFBC}") = "Exercise01", "Chapter04\演習問題\Exercise01\Exercise01.csproj", "{DC3168D5-1539-4575-AE4C-37C0AF8C2EF8}"
EndProject
Project("{FAE04EC0-301F-11D3-BF4B-00C04F79EFBC}") = "Exercise02", "Chapter04\演習問題\Exercise02\Exercise02.csproj", "{1DF08D0B-A6B7-422C-86CB-7209C790D3D6}"
EndProject
Project("{2150E333-8FDC-42A3-9474-1A3956D46DE8}") = "Chapter05", "Chapter05", "{6E7592B4-79E9-4B18-AB01-C5A611AD077C}"
EndProject
Project("{2150E333-8FDC-42A3-9474-1A3956D46DE8}") = "演習問題", "演習問題", "{2897B916-066C-4CFE-90B8-CA0B162CA101}"
EndProject
Project("{FAE04EC0-301F-11D3-BF4B-00C04F79EFBC}") = "Exercise01", "Chapter05\Exercise01\Exercise01.csproj", "{5BA0A1EE-883A-4958-8FBB-F9D88A7DC6E2}"
EndProject
Project("{FAE04EC0-301F-11D3-BF4B-00C04F79EFBC}") = "Exercise02", "Chapter05\Execise02\Exercise02.csproj", "{01B3D206-BBC7-4615-A82F-11E546011945}"
EndProject
Project("{FAE04EC0-301F-11D3-BF4B-00C04F79EFBC}") = "Exercise03", "Chapter05\Exercise03\Exercise03.csproj", "{8CAC77A9-2FC1-4ED8-ADD9-EAC72B47E203}"
EndProject
Project("{FAE04EC0-301F-11D3-BF4B-00C04F79EFBC}") = "Exercise04", "Chapter05\Exercise04\Exercise04.csproj", "{862B6E84-E509-419D-BE4F-49C811A26480}"
EndProject
Project("{2150E333-8FDC-42A3-9474-1A3956D46DE8}") = "Chapter06", "Chapter06", "{8CDE2942-BAB5-4075-B6E4-69CC4E1E9014}"
EndProject
Project("{FAE04EC0-301F-11D3-BF4B-00C04F79EFBC}") = "Section01", "Chapter06\Section01\Section01.csproj", "{B251BB17-AEDE-4770-B133-177D94DE25AB}"
EndProject
Project("{2150E333-8FDC-42A3-9474-1A3956D46DE8}") = "演習問題", "演習問題", "{128E954C-6248-4ACC-AB3B-FADA49EFE6AE}"
EndProject
Project("{FAE04EC0-301F-11D3-BF4B-00C04F79EFBC}") = "Exercise01", "Chapter06\演習問題\Exercise01\Exercise01.csproj", "{F593E8AD-782B-4E09-A226-DFB79C0424C8}"
EndProject
Project("{FAE04EC0-301F-11D3-BF4B-00C04F79EFBC}") = "Exercise02", "Chapter06\演習問題\Execise02\Exercise02.csproj", "{9B3DD507-8E2C-4D35-B26A-BE700DE683BA}"
EndProject
Project("{2150E333-8FDC-42A3-9474-1A3956D46DE8}") = "Chapter07", "Chapter07", "{2A11AB07-72BF-44F6-8797-49BDE5125881}"
EndProject
Project("{FAE04EC0-301F-11D3-BF4B-00C04F79EFBC}") = "Section01", "Chapter07\Section01\Section01.csproj", "{1A88B54F-5077-4EE3-AB0A-9F14A5B5C5B6}"
EndProject
Project("{FAE04EC0-301F-11D3-BF4B-00C04F79EFBC}") = "Section02", "Chapter07\Section02\Section02.csproj", "{CA20304D-A4A2-4EE8-9049-A27B4825AE52}"
EndProject
Project("{FAE04EC0-301F-11D3-BF4B-00C04F79EFBC}") = "Section03", "Chapter07\Section03\Section03.csproj", "{DFF93275-99F3-46FA-804A-0DEDECC13111}"
EndProject
Project("{FAE04EC0-301F-11D3-BF4B-00C04F79EFBC}") = "Section04", "Chapter07\Section04\Section04.csproj", "{B413FDC8-89EB-408E-A914-13ACBCDCEF28}"
EndProject
Project("{2150E333-8FDC-42A3-9474-1A3956D46DE8}") = "Chapter08", "Chapter08", "{5DC21C66-B317-4869-AFEF-2F78E9B45023}"
EndProject
Project("{FAE04EC0-301F-11D3-BF4B-00C04F79EFBC}") = "Section01", "Chapter08\Section01\Section01.csproj", "{79C347A3-4D70-4838-87F6-41C677EB998E}"
EndProject
Project("{9A19103F-16F7-4668-BE54-9A1E7A4F7556}") = "DateTimeApp", "FormApps\DateTimeApp\DateTimeApp.csproj", "{9A490312-00F0-41D3-8B87-467D40C47295}"
EndProject
Project("{2150E333-8FDC-42A3-9474-1A3956D46DE8}") = "Test2406", "Test2406", "{6275566F-1B79-46F9-AE3E-229FA48E5C44}"
EndProject
Project("{FAE04EC0-301F-11D3-BF4B-00C04F79EFBC}") = "Test01", "TestProject\Test01\Test01.csproj", "{2BFACDC3-F44D-4199-8498-F5C3C4AC0335}"
EndProject
Project("{FAE04EC0-301F-11D3-BF4B-00C04F79EFBC}") = "Test02", "TestProject\Test02\Test02.csproj", "{E461C0A8-8900-485C-B520-E929BA33F712}"
EndProject
Project("{9A19103F-16F7-4668-BE54-9A1E7A4F7556}") = "CarReportSystem", "FormApps\CarReportSystem\CarReportSystem.csproj", "{76821A3C-1501-46CE-B26C-25A68CCF82CC}"
EndProject
Project("{2150E333-8FDC-42A3-9474-1A3956D46DE8}") = "Chapter11", "Chapter11", "{5273D36B-918F-4E1C-B65A-C4848E6777BD}"
EndProject
Project("{FAE04EC0-301F-11D3-BF4B-00C04F79EFBC}") = "Section1", "Chapter11\Section1\Section1.csproj", "{DCB2BFA5-078B-4182-9E46-CF5589354116}"
EndProject
Project("{2150E333-8FDC-42A3-9474-1A3956D46DE8}") = "演習問題", "演習問題", "{93D897D8-BFE2-426E-8A83-39D07E27C68E}"
EndProject
Project("{FAE04EC0-301F-11D3-BF4B-00C04F79EFBC}") = "Exercise01", "Chapter11\Exercise01\Exercise01.csproj", "{3B438A72-CCC9-4C53-A1D5-88D7F706B4C3}"
EndProject
Project("{FAE04EC0-301F-11D3-BF4B-00C04F79EFBC}") = "Section02", "Section02\Section02.csproj", "{4B3A92C1-29E4-495B-B4DB-D7B3222A353B}"
EndProject
Project("{2150E333-8FDC-42A3-9474-1A3956D46DE8}") = "新しいフォルダー1", "新しいフォルダー1", "{9B92204D-0719-484F-8278-F1548C6B0201}"
EndProject
Project("{2150E333-8FDC-42A3-9474-1A3956D46DE8}") = "Chapter12", "Chapter12", "{002893CB-D9A4-4F10-83FA-805A715CE8F1}"
EndProject
Project("{FAE04EC0-301F-11D3-BF4B-00C04F79EFBC}") = "Section01", "Chapter12\Section01\Section01.csproj", "{B336BE25-E850-4185-8FDC-7D46DAC7B8DC}"
EndProject
Global
	GlobalSection(SolutionConfigurationPlatforms) = preSolution
		Debug|Any CPU = Debug|Any CPU
		Release|Any CPU = Release|Any CPU
	EndGlobalSection
	GlobalSection(ProjectConfigurationPlatforms) = postSolution
		{87034EB2-27D5-4C89-8E6D-A38B3D599D54}.Debug|Any CPU.ActiveCfg = Debug|Any CPU
		{87034EB2-27D5-4C89-8E6D-A38B3D599D54}.Debug|Any CPU.Build.0 = Debug|Any CPU
		{87034EB2-27D5-4C89-8E6D-A38B3D599D54}.Release|Any CPU.ActiveCfg = Release|Any CPU
		{87034EB2-27D5-4C89-8E6D-A38B3D599D54}.Release|Any CPU.Build.0 = Release|Any CPU
		{2CE1F82B-928A-4469-8AC6-720781457CA1}.Debug|Any CPU.ActiveCfg = Debug|Any CPU
		{2CE1F82B-928A-4469-8AC6-720781457CA1}.Debug|Any CPU.Build.0 = Debug|Any CPU
		{2CE1F82B-928A-4469-8AC6-720781457CA1}.Release|Any CPU.ActiveCfg = Release|Any CPU
		{2CE1F82B-928A-4469-8AC6-720781457CA1}.Release|Any CPU.Build.0 = Release|Any CPU
		{FDC2A439-65AF-48BB-AC0D-E81B81E03F07}.Debug|Any CPU.ActiveCfg = Debug|Any CPU
		{FDC2A439-65AF-48BB-AC0D-E81B81E03F07}.Debug|Any CPU.Build.0 = Debug|Any CPU
		{FDC2A439-65AF-48BB-AC0D-E81B81E03F07}.Release|Any CPU.ActiveCfg = Release|Any CPU
		{FDC2A439-65AF-48BB-AC0D-E81B81E03F07}.Release|Any CPU.Build.0 = Release|Any CPU
		{0AC11D9E-2611-4F0B-81E1-FD36DB9B0615}.Debug|Any CPU.ActiveCfg = Debug|Any CPU
		{0AC11D9E-2611-4F0B-81E1-FD36DB9B0615}.Debug|Any CPU.Build.0 = Debug|Any CPU
		{0AC11D9E-2611-4F0B-81E1-FD36DB9B0615}.Release|Any CPU.ActiveCfg = Release|Any CPU
		{0AC11D9E-2611-4F0B-81E1-FD36DB9B0615}.Release|Any CPU.Build.0 = Release|Any CPU
		{6DC2102F-3881-4DF4-8A6D-C3AF8EDD80C1}.Debug|Any CPU.ActiveCfg = Debug|Any CPU
		{6DC2102F-3881-4DF4-8A6D-C3AF8EDD80C1}.Debug|Any CPU.Build.0 = Debug|Any CPU
		{6DC2102F-3881-4DF4-8A6D-C3AF8EDD80C1}.Release|Any CPU.ActiveCfg = Release|Any CPU
		{6DC2102F-3881-4DF4-8A6D-C3AF8EDD80C1}.Release|Any CPU.Build.0 = Release|Any CPU
		{5DAFE50E-23DC-4F6B-A593-4FB6AF0311A5}.Debug|Any CPU.ActiveCfg = Debug|Any CPU
		{5DAFE50E-23DC-4F6B-A593-4FB6AF0311A5}.Debug|Any CPU.Build.0 = Debug|Any CPU
		{5DAFE50E-23DC-4F6B-A593-4FB6AF0311A5}.Release|Any CPU.ActiveCfg = Release|Any CPU
		{5DAFE50E-23DC-4F6B-A593-4FB6AF0311A5}.Release|Any CPU.Build.0 = Release|Any CPU
		{CFB87B46-4E46-4D28-876D-5B1D9375DF3D}.Debug|Any CPU.ActiveCfg = Debug|Any CPU
		{CFB87B46-4E46-4D28-876D-5B1D9375DF3D}.Debug|Any CPU.Build.0 = Debug|Any CPU
		{CFB87B46-4E46-4D28-876D-5B1D9375DF3D}.Release|Any CPU.ActiveCfg = Release|Any CPU
		{CFB87B46-4E46-4D28-876D-5B1D9375DF3D}.Release|Any CPU.Build.0 = Release|Any CPU
		{959F1633-E9F7-475F-A3EC-F792C2787446}.Debug|Any CPU.ActiveCfg = Debug|Any CPU
		{959F1633-E9F7-475F-A3EC-F792C2787446}.Debug|Any CPU.Build.0 = Debug|Any CPU
		{959F1633-E9F7-475F-A3EC-F792C2787446}.Release|Any CPU.ActiveCfg = Release|Any CPU
		{959F1633-E9F7-475F-A3EC-F792C2787446}.Release|Any CPU.Build.0 = Release|Any CPU
		{4B2FBD06-B5EF-44C0-861B-1E042E488423}.Debug|Any CPU.ActiveCfg = Debug|Any CPU
		{4B2FBD06-B5EF-44C0-861B-1E042E488423}.Debug|Any CPU.Build.0 = Debug|Any CPU
		{4B2FBD06-B5EF-44C0-861B-1E042E488423}.Release|Any CPU.ActiveCfg = Release|Any CPU
		{4B2FBD06-B5EF-44C0-861B-1E042E488423}.Release|Any CPU.Build.0 = Release|Any CPU
		{AEE4236B-EFDC-4C03-BA59-295C10B37A53}.Debug|Any CPU.ActiveCfg = Debug|Any CPU
		{AEE4236B-EFDC-4C03-BA59-295C10B37A53}.Debug|Any CPU.Build.0 = Debug|Any CPU
		{AEE4236B-EFDC-4C03-BA59-295C10B37A53}.Release|Any CPU.ActiveCfg = Release|Any CPU
		{AEE4236B-EFDC-4C03-BA59-295C10B37A53}.Release|Any CPU.Build.0 = Release|Any CPU
		{F2FDCA2F-BFF7-46A2-92B3-E01460D636D5}.Debug|Any CPU.ActiveCfg = Debug|Any CPU
		{F2FDCA2F-BFF7-46A2-92B3-E01460D636D5}.Debug|Any CPU.Build.0 = Debug|Any CPU
		{F2FDCA2F-BFF7-46A2-92B3-E01460D636D5}.Release|Any CPU.ActiveCfg = Release|Any CPU
		{F2FDCA2F-BFF7-46A2-92B3-E01460D636D5}.Release|Any CPU.Build.0 = Release|Any CPU
		{DC3168D5-1539-4575-AE4C-37C0AF8C2EF8}.Debug|Any CPU.ActiveCfg = Debug|Any CPU
		{DC3168D5-1539-4575-AE4C-37C0AF8C2EF8}.Debug|Any CPU.Build.0 = Debug|Any CPU
		{DC3168D5-1539-4575-AE4C-37C0AF8C2EF8}.Release|Any CPU.ActiveCfg = Release|Any CPU
		{DC3168D5-1539-4575-AE4C-37C0AF8C2EF8}.Release|Any CPU.Build.0 = Release|Any CPU
		{1DF08D0B-A6B7-422C-86CB-7209C790D3D6}.Debug|Any CPU.ActiveCfg = Debug|Any CPU
		{1DF08D0B-A6B7-422C-86CB-7209C790D3D6}.Debug|Any CPU.Build.0 = Debug|Any CPU
		{1DF08D0B-A6B7-422C-86CB-7209C790D3D6}.Release|Any CPU.ActiveCfg = Release|Any CPU
		{1DF08D0B-A6B7-422C-86CB-7209C790D3D6}.Release|Any CPU.Build.0 = Release|Any CPU
		{5BA0A1EE-883A-4958-8FBB-F9D88A7DC6E2}.Debug|Any CPU.ActiveCfg = Debug|Any CPU
		{5BA0A1EE-883A-4958-8FBB-F9D88A7DC6E2}.Debug|Any CPU.Build.0 = Debug|Any CPU
		{5BA0A1EE-883A-4958-8FBB-F9D88A7DC6E2}.Release|Any CPU.ActiveCfg = Release|Any CPU
		{5BA0A1EE-883A-4958-8FBB-F9D88A7DC6E2}.Release|Any CPU.Build.0 = Release|Any CPU
		{01B3D206-BBC7-4615-A82F-11E546011945}.Debug|Any CPU.ActiveCfg = Debug|Any CPU
		{01B3D206-BBC7-4615-A82F-11E546011945}.Debug|Any CPU.Build.0 = Debug|Any CPU
		{01B3D206-BBC7-4615-A82F-11E546011945}.Release|Any CPU.ActiveCfg = Release|Any CPU
		{01B3D206-BBC7-4615-A82F-11E546011945}.Release|Any CPU.Build.0 = Release|Any CPU
		{8CAC77A9-2FC1-4ED8-ADD9-EAC72B47E203}.Debug|Any CPU.ActiveCfg = Debug|Any CPU
		{8CAC77A9-2FC1-4ED8-ADD9-EAC72B47E203}.Debug|Any CPU.Build.0 = Debug|Any CPU
		{8CAC77A9-2FC1-4ED8-ADD9-EAC72B47E203}.Release|Any CPU.ActiveCfg = Release|Any CPU
		{8CAC77A9-2FC1-4ED8-ADD9-EAC72B47E203}.Release|Any CPU.Build.0 = Release|Any CPU
		{862B6E84-E509-419D-BE4F-49C811A26480}.Debug|Any CPU.ActiveCfg = Debug|Any CPU
		{862B6E84-E509-419D-BE4F-49C811A26480}.Debug|Any CPU.Build.0 = Debug|Any CPU
		{862B6E84-E509-419D-BE4F-49C811A26480}.Release|Any CPU.ActiveCfg = Release|Any CPU
		{862B6E84-E509-419D-BE4F-49C811A26480}.Release|Any CPU.Build.0 = Release|Any CPU
		{B251BB17-AEDE-4770-B133-177D94DE25AB}.Debug|Any CPU.ActiveCfg = Debug|Any CPU
		{B251BB17-AEDE-4770-B133-177D94DE25AB}.Debug|Any CPU.Build.0 = Debug|Any CPU
		{B251BB17-AEDE-4770-B133-177D94DE25AB}.Release|Any CPU.ActiveCfg = Release|Any CPU
		{B251BB17-AEDE-4770-B133-177D94DE25AB}.Release|Any CPU.Build.0 = Release|Any CPU
		{F593E8AD-782B-4E09-A226-DFB79C0424C8}.Debug|Any CPU.ActiveCfg = Debug|Any CPU
		{F593E8AD-782B-4E09-A226-DFB79C0424C8}.Debug|Any CPU.Build.0 = Debug|Any CPU
		{F593E8AD-782B-4E09-A226-DFB79C0424C8}.Release|Any CPU.ActiveCfg = Release|Any CPU
		{F593E8AD-782B-4E09-A226-DFB79C0424C8}.Release|Any CPU.Build.0 = Release|Any CPU
		{9B3DD507-8E2C-4D35-B26A-BE700DE683BA}.Debug|Any CPU.ActiveCfg = Debug|Any CPU
		{9B3DD507-8E2C-4D35-B26A-BE700DE683BA}.Debug|Any CPU.Build.0 = Debug|Any CPU
		{9B3DD507-8E2C-4D35-B26A-BE700DE683BA}.Release|Any CPU.ActiveCfg = Release|Any CPU
		{9B3DD507-8E2C-4D35-B26A-BE700DE683BA}.Release|Any CPU.Build.0 = Release|Any CPU
		{1A88B54F-5077-4EE3-AB0A-9F14A5B5C5B6}.Debug|Any CPU.ActiveCfg = Debug|Any CPU
		{1A88B54F-5077-4EE3-AB0A-9F14A5B5C5B6}.Debug|Any CPU.Build.0 = Debug|Any CPU
		{1A88B54F-5077-4EE3-AB0A-9F14A5B5C5B6}.Release|Any CPU.ActiveCfg = Release|Any CPU
		{1A88B54F-5077-4EE3-AB0A-9F14A5B5C5B6}.Release|Any CPU.Build.0 = Release|Any CPU
		{CA20304D-A4A2-4EE8-9049-A27B4825AE52}.Debug|Any CPU.ActiveCfg = Debug|Any CPU
		{CA20304D-A4A2-4EE8-9049-A27B4825AE52}.Debug|Any CPU.Build.0 = Debug|Any CPU
		{CA20304D-A4A2-4EE8-9049-A27B4825AE52}.Release|Any CPU.ActiveCfg = Release|Any CPU
		{CA20304D-A4A2-4EE8-9049-A27B4825AE52}.Release|Any CPU.Build.0 = Release|Any CPU
		{DFF93275-99F3-46FA-804A-0DEDECC13111}.Debug|Any CPU.ActiveCfg = Debug|Any CPU
		{DFF93275-99F3-46FA-804A-0DEDECC13111}.Debug|Any CPU.Build.0 = Debug|Any CPU
		{DFF93275-99F3-46FA-804A-0DEDECC13111}.Release|Any CPU.ActiveCfg = Release|Any CPU
		{DFF93275-99F3-46FA-804A-0DEDECC13111}.Release|Any CPU.Build.0 = Release|Any CPU
		{B413FDC8-89EB-408E-A914-13ACBCDCEF28}.Debug|Any CPU.ActiveCfg = Debug|Any CPU
		{B413FDC8-89EB-408E-A914-13ACBCDCEF28}.Debug|Any CPU.Build.0 = Debug|Any CPU
		{B413FDC8-89EB-408E-A914-13ACBCDCEF28}.Release|Any CPU.ActiveCfg = Release|Any CPU
		{B413FDC8-89EB-408E-A914-13ACBCDCEF28}.Release|Any CPU.Build.0 = Release|Any CPU
		{79C347A3-4D70-4838-87F6-41C677EB998E}.Debug|Any CPU.ActiveCfg = Debug|Any CPU
		{79C347A3-4D70-4838-87F6-41C677EB998E}.Debug|Any CPU.Build.0 = Debug|Any CPU
		{79C347A3-4D70-4838-87F6-41C677EB998E}.Release|Any CPU.ActiveCfg = Release|Any CPU
		{79C347A3-4D70-4838-87F6-41C677EB998E}.Release|Any CPU.Build.0 = Release|Any CPU
		{9A490312-00F0-41D3-8B87-467D40C47295}.Debug|Any CPU.ActiveCfg = Debug|Any CPU
		{9A490312-00F0-41D3-8B87-467D40C47295}.Debug|Any CPU.Build.0 = Debug|Any CPU
		{9A490312-00F0-41D3-8B87-467D40C47295}.Release|Any CPU.ActiveCfg = Release|Any CPU
		{9A490312-00F0-41D3-8B87-467D40C47295}.Release|Any CPU.Build.0 = Release|Any CPU
		{2BFACDC3-F44D-4199-8498-F5C3C4AC0335}.Debug|Any CPU.ActiveCfg = Debug|Any CPU
		{2BFACDC3-F44D-4199-8498-F5C3C4AC0335}.Debug|Any CPU.Build.0 = Debug|Any CPU
		{2BFACDC3-F44D-4199-8498-F5C3C4AC0335}.Release|Any CPU.ActiveCfg = Release|Any CPU
		{2BFACDC3-F44D-4199-8498-F5C3C4AC0335}.Release|Any CPU.Build.0 = Release|Any CPU
		{E461C0A8-8900-485C-B520-E929BA33F712}.Debug|Any CPU.ActiveCfg = Debug|Any CPU
		{E461C0A8-8900-485C-B520-E929BA33F712}.Debug|Any CPU.Build.0 = Debug|Any CPU
		{E461C0A8-8900-485C-B520-E929BA33F712}.Release|Any CPU.ActiveCfg = Release|Any CPU
		{E461C0A8-8900-485C-B520-E929BA33F712}.Release|Any CPU.Build.0 = Release|Any CPU
		{76821A3C-1501-46CE-B26C-25A68CCF82CC}.Debug|Any CPU.ActiveCfg = Debug|Any CPU
		{76821A3C-1501-46CE-B26C-25A68CCF82CC}.Debug|Any CPU.Build.0 = Debug|Any CPU
		{76821A3C-1501-46CE-B26C-25A68CCF82CC}.Release|Any CPU.ActiveCfg = Release|Any CPU
		{76821A3C-1501-46CE-B26C-25A68CCF82CC}.Release|Any CPU.Build.0 = Release|Any CPU
		{DCB2BFA5-078B-4182-9E46-CF5589354116}.Debug|Any CPU.ActiveCfg = Debug|Any CPU
		{DCB2BFA5-078B-4182-9E46-CF5589354116}.Debug|Any CPU.Build.0 = Debug|Any CPU
		{DCB2BFA5-078B-4182-9E46-CF5589354116}.Release|Any CPU.ActiveCfg = Release|Any CPU
		{DCB2BFA5-078B-4182-9E46-CF5589354116}.Release|Any CPU.Build.0 = Release|Any CPU
		{3B438A72-CCC9-4C53-A1D5-88D7F706B4C3}.Debug|Any CPU.ActiveCfg = Debug|Any CPU
		{3B438A72-CCC9-4C53-A1D5-88D7F706B4C3}.Debug|Any CPU.Build.0 = Debug|Any CPU
		{3B438A72-CCC9-4C53-A1D5-88D7F706B4C3}.Release|Any CPU.ActiveCfg = Release|Any CPU
		{3B438A72-CCC9-4C53-A1D5-88D7F706B4C3}.Release|Any CPU.Build.0 = Release|Any CPU
		{4B3A92C1-29E4-495B-B4DB-D7B3222A353B}.Debug|Any CPU.ActiveCfg = Debug|Any CPU
		{4B3A92C1-29E4-495B-B4DB-D7B3222A353B}.Debug|Any CPU.Build.0 = Debug|Any CPU
		{4B3A92C1-29E4-495B-B4DB-D7B3222A353B}.Release|Any CPU.ActiveCfg = Release|Any CPU
		{4B3A92C1-29E4-495B-B4DB-D7B3222A353B}.Release|Any CPU.Build.0 = Release|Any CPU
		{B336BE25-E850-4185-8FDC-7D46DAC7B8DC}.Debug|Any CPU.ActiveCfg = Debug|Any CPU
		{B336BE25-E850-4185-8FDC-7D46DAC7B8DC}.Debug|Any CPU.Build.0 = Debug|Any CPU
		{B336BE25-E850-4185-8FDC-7D46DAC7B8DC}.Release|Any CPU.ActiveCfg = Release|Any CPU
		{B336BE25-E850-4185-8FDC-7D46DAC7B8DC}.Release|Any CPU.Build.0 = Release|Any CPU
	EndGlobalSection
	GlobalSection(SolutionProperties) = preSolution
		HideSolutionNode = FALSE
	EndGlobalSection
	GlobalSection(NestedProjects) = preSolution
		{87034EB2-27D5-4C89-8E6D-A38B3D599D54} = {A6B45CB0-5920-4B80-9192-C3D1112B2A03}
		{2CE1F82B-928A-4469-8AC6-720781457CA1} = {A6B45CB0-5920-4B80-9192-C3D1112B2A03}
		{F0823827-37A1-4BE6-934E-9F8BEEF5B8E5} = {550696D7-1957-43C5-BF09-B7403BB550D2}
		{FDC2A439-65AF-48BB-AC0D-E81B81E03F07} = {F0823827-37A1-4BE6-934E-9F8BEEF5B8E5}
		{19833CC2-9E2F-4953-B85F-F58C3C20C958} = {550696D7-1957-43C5-BF09-B7403BB550D2}
		{0AC11D9E-2611-4F0B-81E1-FD36DB9B0615} = {19833CC2-9E2F-4953-B85F-F58C3C20C958}
		{700AB8E0-0A49-416E-8B86-06568754EC52} = {550696D7-1957-43C5-BF09-B7403BB550D2}
		{6DC2102F-3881-4DF4-8A6D-C3AF8EDD80C1} = {700AB8E0-0A49-416E-8B86-06568754EC52}
		{5DAFE50E-23DC-4F6B-A593-4FB6AF0311A5} = {700AB8E0-0A49-416E-8B86-06568754EC52}
		{CFB87B46-4E46-4D28-876D-5B1D9375DF3D} = {4429AFDE-58BA-4A94-A5A2-A1E7D185F34D}
		{959F1633-E9F7-475F-A3EC-F792C2787446} = {E5030AFC-22F6-4897-84A1-09C55441D758}
		{4817B220-7474-4B02-845F-EE9BDDF39E80} = {E5030AFC-22F6-4897-84A1-09C55441D758}
		{4B2FBD06-B5EF-44C0-861B-1E042E488423} = {4817B220-7474-4B02-845F-EE9BDDF39E80}
		{AEE4236B-EFDC-4C03-BA59-295C10B37A53} = {4817B220-7474-4B02-845F-EE9BDDF39E80}
		{F2FDCA2F-BFF7-46A2-92B3-E01460D636D5} = {713D983A-A001-42D4-96AA-C8424483558C}
		{9EF87A06-3832-466D-9CC0-EB1B5AB138E8} = {713D983A-A001-42D4-96AA-C8424483558C}
		{DC3168D5-1539-4575-AE4C-37C0AF8C2EF8} = {9EF87A06-3832-466D-9CC0-EB1B5AB138E8}
		{1DF08D0B-A6B7-422C-86CB-7209C790D3D6} = {9EF87A06-3832-466D-9CC0-EB1B5AB138E8}
		{2897B916-066C-4CFE-90B8-CA0B162CA101} = {6E7592B4-79E9-4B18-AB01-C5A611AD077C}
		{5BA0A1EE-883A-4958-8FBB-F9D88A7DC6E2} = {2897B916-066C-4CFE-90B8-CA0B162CA101}
		{01B3D206-BBC7-4615-A82F-11E546011945} = {2897B916-066C-4CFE-90B8-CA0B162CA101}
		{8CAC77A9-2FC1-4ED8-ADD9-EAC72B47E203} = {2897B916-066C-4CFE-90B8-CA0B162CA101}
		{862B6E84-E509-419D-BE4F-49C811A26480} = {2897B916-066C-4CFE-90B8-CA0B162CA101}
		{B251BB17-AEDE-4770-B133-177D94DE25AB} = {8CDE2942-BAB5-4075-B6E4-69CC4E1E9014}
		{128E954C-6248-4ACC-AB3B-FADA49EFE6AE} = {8CDE2942-BAB5-4075-B6E4-69CC4E1E9014}
		{F593E8AD-782B-4E09-A226-DFB79C0424C8} = {128E954C-6248-4ACC-AB3B-FADA49EFE6AE}
		{9B3DD507-8E2C-4D35-B26A-BE700DE683BA} = {128E954C-6248-4ACC-AB3B-FADA49EFE6AE}
		{1A88B54F-5077-4EE3-AB0A-9F14A5B5C5B6} = {2A11AB07-72BF-44F6-8797-49BDE5125881}
		{CA20304D-A4A2-4EE8-9049-A27B4825AE52} = {2A11AB07-72BF-44F6-8797-49BDE5125881}
		{DFF93275-99F3-46FA-804A-0DEDECC13111} = {2A11AB07-72BF-44F6-8797-49BDE5125881}
		{B413FDC8-89EB-408E-A914-13ACBCDCEF28} = {2A11AB07-72BF-44F6-8797-49BDE5125881}
		{79C347A3-4D70-4838-87F6-41C677EB998E} = {5DC21C66-B317-4869-AFEF-2F78E9B45023}
		{9A490312-00F0-41D3-8B87-467D40C47295} = {4429AFDE-58BA-4A94-A5A2-A1E7D185F34D}
		{2BFACDC3-F44D-4199-8498-F5C3C4AC0335} = {6275566F-1B79-46F9-AE3E-229FA48E5C44}
		{E461C0A8-8900-485C-B520-E929BA33F712} = {6275566F-1B79-46F9-AE3E-229FA48E5C44}
		{76821A3C-1501-46CE-B26C-25A68CCF82CC} = {4429AFDE-58BA-4A94-A5A2-A1E7D185F34D}
		{DCB2BFA5-078B-4182-9E46-CF5589354116} = {5273D36B-918F-4E1C-B65A-C4848E6777BD}
		{93D897D8-BFE2-426E-8A83-39D07E27C68E} = {5273D36B-918F-4E1C-B65A-C4848E6777BD}
		{3B438A72-CCC9-4C53-A1D5-88D7F706B4C3} = {93D897D8-BFE2-426E-8A83-39D07E27C68E}
		{4B3A92C1-29E4-495B-B4DB-D7B3222A353B} = {5273D36B-918F-4E1C-B65A-C4848E6777BD}
		{9B92204D-0719-484F-8278-F1548C6B0201} = {5DC21C66-B317-4869-AFEF-2F78E9B45023}
		{B336BE25-E850-4185-8FDC-7D46DAC7B8DC} = {002893CB-D9A4-4F10-83FA-805A715CE8F1}
	EndGlobalSection
	GlobalSection(ExtensibilityGlobals) = postSolution
		SolutionGuid = {2E6358F8-28FC-4B0F-A4AC-D9431094C0B4}
	EndGlobalSection
EndGlobal
